{
  "name": "simple-login-app",
  "version": "0.0.1",
  "lockfileVersion": 1,
  "requires": true,
  "dependencies": {
    "@deckdeckgo/lazy-img": {
      "version": "1.0.1",
      "resolved": "https://registry.npmjs.org/@deckdeckgo/lazy-img/-/lazy-img-1.0.1.tgz",
      "integrity": "sha512-/nn9JomET+oUdXswiGSp/2CvOnIsq81ll4KIGqvfeJY1noo7PR3wzG5zKXpMprfyeSC0yQTOby+g1W5Ck9f5jg=="
    },
    "@stencil/core": {
      "version": "1.12.2",
      "resolved": "https://registry.npmjs.org/@stencil/core/-/core-1.12.2.tgz",
      "integrity": "sha512-lB8N0IBBT2u3ahg7R1+WZnJ/NsdgSJi3cq3E1m3dE143OCSn/l7G0JOrqyg4FSNO+9QM/ywkWp0g2eGEABF3Sg==",
      "dev": true,
      "requires": {
        "typescript": "3.8.3"
      }
    },
    "@stencil/router": {
      "version": "1.0.1",
      "resolved": "https://registry.npmjs.org/@stencil/router/-/router-1.0.1.tgz",
      "integrity": "sha512-ZMholl1BE+glNAc/8pcEb9RYkeH0XETxsJbx6D7f3azTmaTXqKYty1IACP/3BtVjuimpfLdxQJ+J95wKmnYBtA==",
      "dev": true,
      "requires": {
        "@stencil/state-tunnel": "^1.0.1"
      }
    },
    "@stencil/state-tunnel": {
      "version": "1.0.1",
      "resolved": "https://registry.npmjs.org/@stencil/state-tunnel/-/state-tunnel-1.0.1.tgz",
      "integrity": "sha512-DYG8uROgL9hkjVTCtCfRBb0d3FwpiFB0muRrNZQ2X1Qo5hxMuNNji76/ILddqeq0AfgkKCW82xrMPDpy+rNIhQ==",
      "dev": true
    },
    "lazy-loading-img": {
      "version": "0.0.6",
      "resolved": "https://registry.npmjs.org/lazy-loading-img/-/lazy-loading-img-0.0.6.tgz",
      "integrity": "sha512-sEm5YouogSDU+HI+glMSfhQcSIgFxKx6nznX9EaeNr6x1pO9Ma2LLbOTxprXJNHwDX2AiWgU3Cvknsi+L7XzIg==",
      "requires": {
        "@stencil/core": "^1.15.0"
      },
      "dependencies": {
        "@stencil/core": {
          "version": "1.15.0",
          "resolved": "https://registry.npmjs.org/@stencil/core/-/core-1.15.0.tgz",
          "integrity": "sha512-aWTagMDQtKTyNFCpAC98mYRDGDEp6ZfIuEO11RUxha2lqwwVjsXsn9HChr8k3XVPszb9azbmLoWrjT7b+2OKog==",
          "requires": {
            "typescript": "3.9.5"
          }
        },
        "typescript": {
          "version": "3.9.5",
          "resolved": "https://registry.npmjs.org/typescript/-/typescript-3.9.5.tgz",
          "integrity": "sha512-hSAifV3k+i6lEoCJ2k6R2Z/rp/H3+8sdmcn5NrS3/3kE7+RyZXm9aqvxWqjEXHAd8b0pShatpcdMTvEdvAJltQ=="
        }
      }
    },
    "mobx": {
      "version": "5.15.4",
      "resolved": "https://registry.npmjs.org/mobx/-/mobx-5.15.4.tgz",
      "integrity": "sha512-xRFJxSU2Im3nrGCdjSuOTFmxVDGeqOHL+TyADCGbT0k4HHqGmx5u2yaHNryvoORpI4DfbzjJ5jPmuv+d7sioFw=="
    },
    "typescript": {
      "version": "3.8.3",
      "resolved": "https://registry.npmjs.org/typescript/-/typescript-3.8.3.tgz",
      "integrity": "sha512-MYlEfn5VrLNsgudQTVJeNaQFUAI7DkhnOjdpAp4T+ku1TfQClewlbSuTVHiA+8skNBgaf02TL/kLOvig4y3G8w==",
      "dev": true
    }
  }
}
